
Microsoft Visual Studio Solution File, Format Version 12.00
# Visual Studio Version 17
VisualStudioVersion = 17.9.34902.65
MinimumVisualStudioVersion = 10.0.40219.1
Project("{FAE04EC0-301F-11D3-BF4B-00C04F79EFBC}") = "API", "API\API.csproj", "{F8758B81-F94F-4E29-B90A-423DE2B9B06B}"
EndProject
Global
	GlobalSection(SolutionConfigurationPlatforms) = preSolution
		Debug|Any CPU = Debug|Any CPU
		Release|Any CPU = Release|Any CPU
	EndGlobalSection
	GlobalSection(ProjectConfigurationPlatforms) = postSolution
		{F8758B81-F94F-4E29-B90A-423DE2B9B06B}.Debug|Any CPU.ActiveCfg = Debug|Any CPU
		{F8758B81-F94F-4E29-B90A-423DE2B9B06B}.Debug|Any CPU.Build.0 = Debug|Any CPU
		{F8758B81-F94F-4E29-B90A-423DE2B9B06B}.Release|Any CPU.ActiveCfg = Release|Any CPU
		{F8758B81-F94F-4E29-B90A-423DE2B9B06B}.Release|Any CPU.Build.0 = Release|Any CPU
	EndGlobalSection
	GlobalSection(SolutionProperties) = preSolution
		HideSolutionNode = FALSE
	EndGlobalSection
	GlobalSection(ExtensibilityGlobals) = postSolution
		SolutionGuid = {C76533E9-CE29-428B-A12A-A469F73822A9}
	EndGlobalSection
EndGlobal
